
Microsoft Visual Studio Solution File, Format Version 12.00
# Visual Studio Version 17
VisualStudioVersion = 17.13.35913.81 d17.13
MinimumVisualStudioVersion = 10.0.40219.1
Project("{FAE04EC0-301F-11D3-BF4B-00C04F79EFBC}") = "Nexus", "Nexus.csproj", "{42A2B132-F187-4395-BC3F-BC4E5A763792}"
EndProject
Global
	GlobalSection(SolutionConfigurationPlatforms) = preSolution
		Debug|Any CPU = Debug|Any CPU
		Release|Any CPU = Release|Any CPU
	EndGlobalSection
	GlobalSection(ProjectConfigurationPlatforms) = postSolution
		{42A2B132-F187-4395-BC3F-BC4E5A763792}.Debug|Any CPU.ActiveCfg = Debug|Any CPU
		{42A2B132-F187-4395-BC3F-BC4E5A763792}.Debug|Any CPU.Build.0 = Debug|Any CPU
		{42A2B132-F187-4395-BC3F-BC4E5A763792}.Release|Any CPU.ActiveCfg = Release|Any CPU
		{42A2B132-F187-4395-BC3F-BC4E5A763792}.Release|Any CPU.Build.0 = Release|Any CPU
	EndGlobalSection
	GlobalSection(SolutionProperties) = preSolution
		HideSolutionNode = FALSE
	EndGlobalSection
	GlobalSection(ExtensibilityGlobals) = postSolution
		SolutionGuid = {001F7C01-8C58-4059-9FE1-5156F15C451B}
	EndGlobalSection
EndGlobal
